
Microsoft Visual Studio Solution File, Format Version 12.00
# Visual Studio Version 17
VisualStudioVersion = 17.2.32630.192
MinimumVisualStudioVersion = 10.0.40219.1
Project("{FAE04EC0-301F-11D3-BF4B-00C04F79EFBC}") = "VelocityTracking", "VelocityTracking\VelocityTracking.csproj", "{C1A9B119-716E-4A56-B2FD-5B8D51D46E53}"
EndProject
Global
	GlobalSection(SolutionConfigurationPlatforms) = preSolution
		Debug|Any CPU = Debug|Any CPU
		Release|Any CPU = Release|Any CPU
	EndGlobalSection
	GlobalSection(ProjectConfigurationPlatforms) = postSolution
		{C1A9B119-716E-4A56-B2FD-5B8D51D46E53}.Debug|Any CPU.ActiveCfg = Debug|Any CPU
		{C1A9B119-716E-4A56-B2FD-5B8D51D46E53}.Debug|Any CPU.Build.0 = Debug|Any CPU
		{C1A9B119-716E-4A56-B2FD-5B8D51D46E53}.Release|Any CPU.ActiveCfg = Release|Any CPU
		{C1A9B119-716E-4A56-B2FD-5B8D51D46E53}.Release|Any CPU.Build.0 = Release|Any CPU
	EndGlobalSection
	GlobalSection(SolutionProperties) = preSolution
		HideSolutionNode = FALSE
	EndGlobalSection
	GlobalSection(ExtensibilityGlobals) = postSolution
		SolutionGuid = {7219EBCE-B1B7-4D5C-B22F-A63E19DAC546}
	EndGlobalSection
EndGlobal
